
Microsoft Visual Studio Solution File, Format Version 12.00
# Visual Studio Version 17
VisualStudioVersion = 17.9.34616.47
MinimumVisualStudioVersion = 10.0.40219.1
Project("{FAE04EC0-301F-11D3-BF4B-00C04F79EFBC}") = "02. Prototype Design Pattern - ICloneable", "02. Prototype Design Pattern - ICloneable\02. Prototype Design Pattern - ICloneable.csproj", "{EBEE1F19-2414-454F-A248-CDBEF9AC4A08}"
EndProject
Global
	GlobalSection(SolutionConfigurationPlatforms) = preSolution
		Debug|Any CPU = Debug|Any CPU
		Release|Any CPU = Release|Any CPU
	EndGlobalSection
	GlobalSection(ProjectConfigurationPlatforms) = postSolution
		{EBEE1F19-2414-454F-A248-CDBEF9AC4A08}.Debug|Any CPU.ActiveCfg = Debug|Any CPU
		{EBEE1F19-2414-454F-A248-CDBEF9AC4A08}.Debug|Any CPU.Build.0 = Debug|Any CPU
		{EBEE1F19-2414-454F-A248-CDBEF9AC4A08}.Release|Any CPU.ActiveCfg = Release|Any CPU
		{EBEE1F19-2414-454F-A248-CDBEF9AC4A08}.Release|Any CPU.Build.0 = Release|Any CPU
	EndGlobalSection
	GlobalSection(SolutionProperties) = preSolution
		HideSolutionNode = FALSE
	EndGlobalSection
	GlobalSection(ExtensibilityGlobals) = postSolution
		SolutionGuid = {E46DDF1D-BB47-4EE9-8017-1109A5498A68}
	EndGlobalSection
EndGlobal
