
Microsoft Visual Studio Solution File, Format Version 12.00
# Visual Studio Version 16
VisualStudioVersion = 16.0.33214.272
MinimumVisualStudioVersion = 10.0.40219.1
Project("{FAE04EC0-301F-11D3-BF4B-00C04F79EFBC}") = "03. Hierarchical Inheritance", "03. Hierarchical Inheritance.csproj", "{6B907C22-0B03-44CD-9251-121DD8EA1AF0}"
EndProject
Global
	GlobalSection(SolutionConfigurationPlatforms) = preSolution
		Debug|Any CPU = Debug|Any CPU
		Release|Any CPU = Release|Any CPU
	EndGlobalSection
	GlobalSection(ProjectConfigurationPlatforms) = postSolution
		{6B907C22-0B03-44CD-9251-121DD8EA1AF0}.Debug|Any CPU.ActiveCfg = Debug|Any CPU
		{6B907C22-0B03-44CD-9251-121DD8EA1AF0}.Debug|Any CPU.Build.0 = Debug|Any CPU
		{6B907C22-0B03-44CD-9251-121DD8EA1AF0}.Release|Any CPU.ActiveCfg = Release|Any CPU
		{6B907C22-0B03-44CD-9251-121DD8EA1AF0}.Release|Any CPU.Build.0 = Release|Any CPU
	EndGlobalSection
	GlobalSection(SolutionProperties) = preSolution
		HideSolutionNode = FALSE
	EndGlobalSection
	GlobalSection(ExtensibilityGlobals) = postSolution
		SolutionGuid = {D8E3868A-4667-4A11-9BDE-5A2796518F5B}
	EndGlobalSection
EndGlobal
