
Microsoft Visual Studio Solution File, Format Version 12.00
# Visual Studio Version 17
VisualStudioVersion = 17.9.34616.47
MinimumVisualStudioVersion = 10.0.40219.1
Project("{FAE04EC0-301F-11D3-BF4B-00C04F79EFBC}") = "03. Command Pattern", "03. Command Pattern\03. Command Pattern.csproj", "{7D4844D7-ABD3-4CF9-91D4-22A635A0AC8F}"
EndProject
Project("{2150E333-8FDC-42A3-9474-1A3956D46DE8}") = "Solution Items", "Solution Items", "{37213D84-C674-44D1-971C-AEEE7BB8E5A6}"
	ProjectSection(SolutionItems) = preProject
		.editorconfig = .editorconfig
	EndProjectSection
EndProject
Global
	GlobalSection(SolutionConfigurationPlatforms) = preSolution
		Debug|Any CPU = Debug|Any CPU
		Release|Any CPU = Release|Any CPU
	EndGlobalSection
	GlobalSection(ProjectConfigurationPlatforms) = postSolution
		{7D4844D7-ABD3-4CF9-91D4-22A635A0AC8F}.Debug|Any CPU.ActiveCfg = Debug|Any CPU
		{7D4844D7-ABD3-4CF9-91D4-22A635A0AC8F}.Debug|Any CPU.Build.0 = Debug|Any CPU
		{7D4844D7-ABD3-4CF9-91D4-22A635A0AC8F}.Release|Any CPU.ActiveCfg = Release|Any CPU
		{7D4844D7-ABD3-4CF9-91D4-22A635A0AC8F}.Release|Any CPU.Build.0 = Release|Any CPU
	EndGlobalSection
	GlobalSection(SolutionProperties) = preSolution
		HideSolutionNode = FALSE
	EndGlobalSection
	GlobalSection(ExtensibilityGlobals) = postSolution
		SolutionGuid = {7CB0D4BB-7FA8-4CAC-A4AA-6B16375F3971}
	EndGlobalSection
EndGlobal
