
Microsoft Visual Studio Solution File, Format Version 12.00
# Visual Studio Version 17
VisualStudioVersion = 17.9.34616.47
MinimumVisualStudioVersion = 10.0.40219.1
Project("{FAE04EC0-301F-11D3-BF4B-00C04F79EFBC}") = "02. Exception Hierarchy", "02. Exception Hierarchy\02. Exception Hierarchy.csproj", "{E71990EB-B847-4F9E-9007-CF31559957AC}"
EndProject
Global
	GlobalSection(SolutionConfigurationPlatforms) = preSolution
		Debug|Any CPU = Debug|Any CPU
		Release|Any CPU = Release|Any CPU
	EndGlobalSection
	GlobalSection(ProjectConfigurationPlatforms) = postSolution
		{E71990EB-B847-4F9E-9007-CF31559957AC}.Debug|Any CPU.ActiveCfg = Debug|Any CPU
		{E71990EB-B847-4F9E-9007-CF31559957AC}.Debug|Any CPU.Build.0 = Debug|Any CPU
		{E71990EB-B847-4F9E-9007-CF31559957AC}.Release|Any CPU.ActiveCfg = Release|Any CPU
		{E71990EB-B847-4F9E-9007-CF31559957AC}.Release|Any CPU.Build.0 = Release|Any CPU
	EndGlobalSection
	GlobalSection(SolutionProperties) = preSolution
		HideSolutionNode = FALSE
	EndGlobalSection
	GlobalSection(ExtensibilityGlobals) = postSolution
		SolutionGuid = {EA1F8B1E-BBB4-4A0B-A45D-A516E8518456}
	EndGlobalSection
EndGlobal
