
Microsoft Visual Studio Solution File, Format Version 12.00
# Visual Studio Version 16
VisualStudioVersion = 16.0.33214.272
MinimumVisualStudioVersion = 10.0.40219.1
Project("{FAE04EC0-301F-11D3-BF4B-00C04F79EFBC}") = "07. Military Elite", "07. Military Elite.csproj", "{B3E08458-6A3B-4C3C-A36D-F01DD6F59D6E}"
EndProject
Global
	GlobalSection(SolutionConfigurationPlatforms) = preSolution
		Debug|Any CPU = Debug|Any CPU
		Release|Any CPU = Release|Any CPU
	EndGlobalSection
	GlobalSection(ProjectConfigurationPlatforms) = postSolution
		{B3E08458-6A3B-4C3C-A36D-F01DD6F59D6E}.Debug|Any CPU.ActiveCfg = Debug|Any CPU
		{B3E08458-6A3B-4C3C-A36D-F01DD6F59D6E}.Debug|Any CPU.Build.0 = Debug|Any CPU
		{B3E08458-6A3B-4C3C-A36D-F01DD6F59D6E}.Release|Any CPU.ActiveCfg = Release|Any CPU
		{B3E08458-6A3B-4C3C-A36D-F01DD6F59D6E}.Release|Any CPU.Build.0 = Release|Any CPU
	EndGlobalSection
	GlobalSection(SolutionProperties) = preSolution
		HideSolutionNode = FALSE
	EndGlobalSection
	GlobalSection(ExtensibilityGlobals) = postSolution
		SolutionGuid = {64CE8C46-95B6-4EF7-9AFF-A3976F9B7707}
	EndGlobalSection
EndGlobal
