
Microsoft Visual Studio Solution File, Format Version 12.00
# Visual Studio Version 16
VisualStudioVersion = 16.0.33214.272
MinimumVisualStudioVersion = 10.0.40219.1
Project("{FAE04EC0-301F-11D3-BF4B-00C04F79EFBC}") = "02. Multiple Inheritance", "02. Multiple Inheritance.csproj", "{EBBED400-B8A6-4F18-81A4-FE9D3E04AFD2}"
EndProject
Global
	GlobalSection(SolutionConfigurationPlatforms) = preSolution
		Debug|Any CPU = Debug|Any CPU
		Release|Any CPU = Release|Any CPU
	EndGlobalSection
	GlobalSection(ProjectConfigurationPlatforms) = postSolution
		{EBBED400-B8A6-4F18-81A4-FE9D3E04AFD2}.Debug|Any CPU.ActiveCfg = Debug|Any CPU
		{EBBED400-B8A6-4F18-81A4-FE9D3E04AFD2}.Debug|Any CPU.Build.0 = Debug|Any CPU
		{EBBED400-B8A6-4F18-81A4-FE9D3E04AFD2}.Release|Any CPU.ActiveCfg = Release|Any CPU
		{EBBED400-B8A6-4F18-81A4-FE9D3E04AFD2}.Release|Any CPU.Build.0 = Release|Any CPU
	EndGlobalSection
	GlobalSection(SolutionProperties) = preSolution
		HideSolutionNode = FALSE
	EndGlobalSection
	GlobalSection(ExtensibilityGlobals) = postSolution
		SolutionGuid = {FB67CF34-2D07-425B-A0CE-1B6E8B91DC60}
	EndGlobalSection
EndGlobal
