
Microsoft Visual Studio Solution File, Format Version 12.00
# Visual Studio Version 17
VisualStudioVersion = 17.9.34616.47
MinimumVisualStudioVersion = 10.0.40219.1
Project("{FAE04EC0-301F-11D3-BF4B-00C04F79EFBC}") = "04. Prototype - Abstract Class", "04. Prototype - Abstract Class\04. Prototype - Abstract Class.csproj", "{B9C3EEF8-EAD2-4027-931F-88BA33E085F0}"
EndProject
Global
	GlobalSection(SolutionConfigurationPlatforms) = preSolution
		Debug|Any CPU = Debug|Any CPU
		Release|Any CPU = Release|Any CPU
	EndGlobalSection
	GlobalSection(ProjectConfigurationPlatforms) = postSolution
		{B9C3EEF8-EAD2-4027-931F-88BA33E085F0}.Debug|Any CPU.ActiveCfg = Debug|Any CPU
		{B9C3EEF8-EAD2-4027-931F-88BA33E085F0}.Debug|Any CPU.Build.0 = Debug|Any CPU
		{B9C3EEF8-EAD2-4027-931F-88BA33E085F0}.Release|Any CPU.ActiveCfg = Release|Any CPU
		{B9C3EEF8-EAD2-4027-931F-88BA33E085F0}.Release|Any CPU.Build.0 = Release|Any CPU
	EndGlobalSection
	GlobalSection(SolutionProperties) = preSolution
		HideSolutionNode = FALSE
	EndGlobalSection
	GlobalSection(ExtensibilityGlobals) = postSolution
		SolutionGuid = {D0A62455-74F8-417B-B459-CD9A9A4B4716}
	EndGlobalSection
EndGlobal
