
Microsoft Visual Studio Solution File, Format Version 12.00
# Visual Studio Version 17
VisualStudioVersion = 17.9.34616.47
MinimumVisualStudioVersion = 10.0.40219.1
Project("{FAE04EC0-301F-11D3-BF4B-00C04F79EFBC}") = "01. Exception Handling", "01. Exception Handling\01. Exception Handling.csproj", "{8F065BE6-DFEB-4132-8C5C-D1902D550D71}"
EndProject
Global
	GlobalSection(SolutionConfigurationPlatforms) = preSolution
		Debug|Any CPU = Debug|Any CPU
		Release|Any CPU = Release|Any CPU
	EndGlobalSection
	GlobalSection(ProjectConfigurationPlatforms) = postSolution
		{8F065BE6-DFEB-4132-8C5C-D1902D550D71}.Debug|Any CPU.ActiveCfg = Debug|Any CPU
		{8F065BE6-DFEB-4132-8C5C-D1902D550D71}.Debug|Any CPU.Build.0 = Debug|Any CPU
		{8F065BE6-DFEB-4132-8C5C-D1902D550D71}.Release|Any CPU.ActiveCfg = Release|Any CPU
		{8F065BE6-DFEB-4132-8C5C-D1902D550D71}.Release|Any CPU.Build.0 = Release|Any CPU
	EndGlobalSection
	GlobalSection(SolutionProperties) = preSolution
		HideSolutionNode = FALSE
	EndGlobalSection
	GlobalSection(ExtensibilityGlobals) = postSolution
		SolutionGuid = {50BE6590-2191-42FF-9C60-AEFA605C10D6}
	EndGlobalSection
EndGlobal
