
Microsoft Visual Studio Solution File, Format Version 12.00
# Visual Studio Version 17
VisualStudioVersion = 17.9.34616.47
MinimumVisualStudioVersion = 10.0.40219.1
Project("{9A19103F-16F7-4668-BE54-9A1E7A4F7556}") = "P02.Graphic_Editor", "P02.Graphic_Editor.csproj", "{575BA7BA-BFE1-4CDD-BA19-20024E1CCD12}"
EndProject
Global
	GlobalSection(SolutionConfigurationPlatforms) = preSolution
		Debug|Any CPU = Debug|Any CPU
		Release|Any CPU = Release|Any CPU
	EndGlobalSection
	GlobalSection(ProjectConfigurationPlatforms) = postSolution
		{575BA7BA-BFE1-4CDD-BA19-20024E1CCD12}.Debug|Any CPU.ActiveCfg = Debug|Any CPU
		{575BA7BA-BFE1-4CDD-BA19-20024E1CCD12}.Debug|Any CPU.Build.0 = Debug|Any CPU
		{575BA7BA-BFE1-4CDD-BA19-20024E1CCD12}.Release|Any CPU.ActiveCfg = Release|Any CPU
		{575BA7BA-BFE1-4CDD-BA19-20024E1CCD12}.Release|Any CPU.Build.0 = Release|Any CPU
	EndGlobalSection
	GlobalSection(SolutionProperties) = preSolution
		HideSolutionNode = FALSE
	EndGlobalSection
	GlobalSection(ExtensibilityGlobals) = postSolution
		SolutionGuid = {2AB492EA-E707-4EA5-BAF8-6A1F32649369}
	EndGlobalSection
EndGlobal
